
Microsoft Visual Studio Solution File, Format Version 12.00
# Visual Studio Version 17
VisualStudioVersion = 17.0.31903.59
MinimumVisualStudioVersion = 10.0.40219.1
Project("{2150E333-8FDC-42A3-9474-1A3956D46DE8}") = "src", "src", "{827E0CD3-B72D-47B6-A68D-7590B98EB39B}"
EndProject
Project("{FAE04EC0-301F-11D3-BF4B-00C04F79EFBC}") = "AuthService", "AuthService\AuthService.csproj", "{9724710A-9BA7-43D3-AA57-9152B1D438C7}"
EndProject
Project("{FAE04EC0-301F-11D3-BF4B-00C04F79EFBC}") = "ProjectService", "ProjectService\ProjectService.csproj", "{727820A0-9E5E-44D3-A94A-E9A4F8823638}"
EndProject
Project("{FAE04EC0-301F-11D3-BF4B-00C04F79EFBC}") = "FileService", "FileService\FileService.csproj", "{B3705A51-890A-4618-8EB9-6BAF04B83C4E}"
EndProject
Project("{FAE04EC0-301F-11D3-BF4B-00C04F79EFBC}") = "CollabService", "CollabService\CollabService.csproj", "{D3CD3B74-92AE-4FD4-97BB-EA3689040411}"
EndProject
Project("{FAE04EC0-301F-11D3-BF4B-00C04F79EFBC}") = "VersionService", "VersionService\VersionService.csproj", "{AFF417F1-D715-4652-BFAC-4BB605B1B194}"
EndProject
Global
	GlobalSection(SolutionConfigurationPlatforms) = preSolution
		Debug|Any CPU = Debug|Any CPU
		Debug|x64 = Debug|x64
		Debug|x86 = Debug|x86
		Release|Any CPU = Release|Any CPU
		Release|x64 = Release|x64
		Release|x86 = Release|x86
	EndGlobalSection
	GlobalSection(ProjectConfigurationPlatforms) = postSolution
		{9724710A-9BA7-43D3-AA57-9152B1D438C7}.Debug|Any CPU.ActiveCfg = Debug|Any CPU
		{9724710A-9BA7-43D3-AA57-9152B1D438C7}.Debug|Any CPU.Build.0 = Debug|Any CPU
		{9724710A-9BA7-43D3-AA57-9152B1D438C7}.Debug|x64.ActiveCfg = Debug|Any CPU
		{9724710A-9BA7-43D3-AA57-9152B1D438C7}.Debug|x64.Build.0 = Debug|Any CPU
		{9724710A-9BA7-43D3-AA57-9152B1D438C7}.Debug|x86.ActiveCfg = Debug|Any CPU
		{9724710A-9BA7-43D3-AA57-9152B1D438C7}.Debug|x86.Build.0 = Debug|Any CPU
		{9724710A-9BA7-43D3-AA57-9152B1D438C7}.Release|Any CPU.ActiveCfg = Release|Any CPU
		{9724710A-9BA7-43D3-AA57-9152B1D438C7}.Release|Any CPU.Build.0 = Release|Any CPU
		{9724710A-9BA7-43D3-AA57-9152B1D438C7}.Release|x64.ActiveCfg = Release|Any CPU
		{9724710A-9BA7-43D3-AA57-9152B1D438C7}.Release|x64.Build.0 = Release|Any CPU
		{9724710A-9BA7-43D3-AA57-9152B1D438C7}.Release|x86.ActiveCfg = Release|Any CPU
		{9724710A-9BA7-43D3-AA57-9152B1D438C7}.Release|x86.Build.0 = Release|Any CPU
		{727820A0-9E5E-44D3-A94A-E9A4F8823638}.Debug|Any CPU.ActiveCfg = Debug|Any CPU
		{727820A0-9E5E-44D3-A94A-E9A4F8823638}.Debug|Any CPU.Build.0 = Debug|Any CPU
		{727820A0-9E5E-44D3-A94A-E9A4F8823638}.Debug|x64.ActiveCfg = Debug|Any CPU
		{727820A0-9E5E-44D3-A94A-E9A4F8823638}.Debug|x64.Build.0 = Debug|Any CPU
		{727820A0-9E5E-44D3-A94A-E9A4F8823638}.Debug|x86.ActiveCfg = Debug|Any CPU
		{727820A0-9E5E-44D3-A94A-E9A4F8823638}.Debug|x86.Build.0 = Debug|Any CPU
		{727820A0-9E5E-44D3-A94A-E9A4F8823638}.Release|Any CPU.ActiveCfg = Release|Any CPU
		{727820A0-9E5E-44D3-A94A-E9A4F8823638}.Release|Any CPU.Build.0 = Release|Any CPU
		{727820A0-9E5E-44D3-A94A-E9A4F8823638}.Release|x64.ActiveCfg = Release|Any CPU
		{727820A0-9E5E-44D3-A94A-E9A4F8823638}.Release|x64.Build.0 = Release|Any CPU
		{727820A0-9E5E-44D3-A94A-E9A4F8823638}.Release|x86.ActiveCfg = Release|Any CPU
		{727820A0-9E5E-44D3-A94A-E9A4F8823638}.Release|x86.Build.0 = Release|Any CPU
		{B3705A51-890A-4618-8EB9-6BAF04B83C4E}.Debug|Any CPU.ActiveCfg = Debug|Any CPU
		{B3705A51-890A-4618-8EB9-6BAF04B83C4E}.Debug|Any CPU.Build.0 = Debug|Any CPU
		{B3705A51-890A-4618-8EB9-6BAF04B83C4E}.Debug|x64.ActiveCfg = Debug|Any CPU
		{B3705A51-890A-4618-8EB9-6BAF04B83C4E}.Debug|x64.Build.0 = Debug|Any CPU
		{B3705A51-890A-4618-8EB9-6BAF04B83C4E}.Debug|x86.ActiveCfg = Debug|Any CPU
		{B3705A51-890A-4618-8EB9-6BAF04B83C4E}.Debug|x86.Build.0 = Debug|Any CPU
		{B3705A51-890A-4618-8EB9-6BAF04B83C4E}.Release|Any CPU.ActiveCfg = Release|Any CPU
		{B3705A51-890A-4618-8EB9-6BAF04B83C4E}.Release|Any CPU.Build.0 = Release|Any CPU
		{B3705A51-890A-4618-8EB9-6BAF04B83C4E}.Release|x64.ActiveCfg = Release|Any CPU
		{B3705A51-890A-4618-8EB9-6BAF04B83C4E}.Release|x64.Build.0 = Release|Any CPU
		{B3705A51-890A-4618-8EB9-6BAF04B83C4E}.Release|x86.ActiveCfg = Release|Any CPU
		{B3705A51-890A-4618-8EB9-6BAF04B83C4E}.Release|x86.Build.0 = Release|Any CPU
		{D3CD3B74-92AE-4FD4-97BB-EA3689040411}.Debug|Any CPU.ActiveCfg = Debug|Any CPU
		{D3CD3B74-92AE-4FD4-97BB-EA3689040411}.Debug|Any CPU.Build.0 = Debug|Any CPU
		{D3CD3B74-92AE-4FD4-97BB-EA3689040411}.Debug|x64.ActiveCfg = Debug|Any CPU
		{D3CD3B74-92AE-4FD4-97BB-EA3689040411}.Debug|x64.Build.0 = Debug|Any CPU
		{D3CD3B74-92AE-4FD4-97BB-EA3689040411}.Debug|x86.ActiveCfg = Debug|Any CPU
		{D3CD3B74-92AE-4FD4-97BB-EA3689040411}.Debug|x86.Build.0 = Debug|Any CPU
		{D3CD3B74-92AE-4FD4-97BB-EA3689040411}.Release|Any CPU.ActiveCfg = Release|Any CPU
		{D3CD3B74-92AE-4FD4-97BB-EA3689040411}.Release|Any CPU.Build.0 = Release|Any CPU
		{D3CD3B74-92AE-4FD4-97BB-EA3689040411}.Release|x64.ActiveCfg = Release|Any CPU
		{D3CD3B74-92AE-4FD4-97BB-EA3689040411}.Release|x64.Build.0 = Release|Any CPU
		{D3CD3B74-92AE-4FD4-97BB-EA3689040411}.Release|x86.ActiveCfg = Release|Any CPU
		{D3CD3B74-92AE-4FD4-97BB-EA3689040411}.Release|x86.Build.0 = Release|Any CPU
		{AFF417F1-D715-4652-BFAC-4BB605B1B194}.Debug|Any CPU.ActiveCfg = Debug|Any CPU
		{AFF417F1-D715-4652-BFAC-4BB605B1B194}.Debug|Any CPU.Build.0 = Debug|Any CPU
		{AFF417F1-D715-4652-BFAC-4BB605B1B194}.Debug|x64.ActiveCfg = Debug|Any CPU
		{AFF417F1-D715-4652-BFAC-4BB605B1B194}.Debug|x64.Build.0 = Debug|Any CPU
		{AFF417F1-D715-4652-BFAC-4BB605B1B194}.Debug|x86.ActiveCfg = Debug|Any CPU
		{AFF417F1-D715-4652-BFAC-4BB605B1B194}.Debug|x86.Build.0 = Debug|Any CPU
		{AFF417F1-D715-4652-BFAC-4BB605B1B194}.Release|Any CPU.ActiveCfg = Release|Any CPU
		{AFF417F1-D715-4652-BFAC-4BB605B1B194}.Release|Any CPU.Build.0 = Release|Any CPU
		{AFF417F1-D715-4652-BFAC-4BB605B1B194}.Release|x64.ActiveCfg = Release|Any CPU
		{AFF417F1-D715-4652-BFAC-4BB605B1B194}.Release|x64.Build.0 = Release|Any CPU
		{AFF417F1-D715-4652-BFAC-4BB605B1B194}.Release|x86.ActiveCfg = Release|Any CPU
		{AFF417F1-D715-4652-BFAC-4BB605B1B194}.Release|x86.Build.0 = Release|Any CPU
	EndGlobalSection
	GlobalSection(SolutionProperties) = preSolution
		HideSolutionNode = FALSE
	EndGlobalSection
EndGlobal
